
Microsoft Visual Studio Solution File, Format Version 12.00
# Visual Studio Version 16
VisualStudioVersion = 16.0.30204.135
MinimumVisualStudioVersion = 10.0.40219.1
Project("{FAE04EC0-301F-11D3-BF4B-00C04F79EFBC}") = "Web", "Web.csproj", "{8DA11373-3AED-442C-9C62-D0B7C46FB500}"
EndProject
Project("{FAE04EC0-301F-11D3-BF4B-00C04F79EFBC}") = "Application", "..\Application\Application.csproj", "{D91964BE-E6BE-488F-94A7-81148EADE066}"
EndProject
Global
	GlobalSection(SolutionConfigurationPlatforms) = preSolution
		Debug|Any CPU = Debug|Any CPU
		Release|Any CPU = Release|Any CPU
	EndGlobalSection
	GlobalSection(ProjectConfigurationPlatforms) = postSolution
		{8DA11373-3AED-442C-9C62-D0B7C46FB500}.Debug|Any CPU.ActiveCfg = Debug|Any CPU
		{8DA11373-3AED-442C-9C62-D0B7C46FB500}.Debug|Any CPU.Build.0 = Debug|Any CPU
		{8DA11373-3AED-442C-9C62-D0B7C46FB500}.Release|Any CPU.ActiveCfg = Release|Any CPU
		{8DA11373-3AED-442C-9C62-D0B7C46FB500}.Release|Any CPU.Build.0 = Release|Any CPU
		{D91964BE-E6BE-488F-94A7-81148EADE066}.Debug|Any CPU.ActiveCfg = Debug|Any CPU
		{D91964BE-E6BE-488F-94A7-81148EADE066}.Debug|Any CPU.Build.0 = Debug|Any CPU
		{D91964BE-E6BE-488F-94A7-81148EADE066}.Release|Any CPU.ActiveCfg = Release|Any CPU
		{D91964BE-E6BE-488F-94A7-81148EADE066}.Release|Any CPU.Build.0 = Release|Any CPU
	EndGlobalSection
	GlobalSection(SolutionProperties) = preSolution
		HideSolutionNode = FALSE
	EndGlobalSection
	GlobalSection(ExtensibilityGlobals) = postSolution
		SolutionGuid = {57031237-5301-4F02-9973-F0BA0D9DDDFB}
	EndGlobalSection
EndGlobal
